// !$*UTF8*$!
{
	archiveVersion = 1;
	classes = {
	};
	objectVersion = 46;
	objects = {

/* Begin PBXBuildFile section */
		040974AF1B53B24D008C13E2 /* Bolts.framework in Frameworks */ = {isa = PBXBuildFile; fileRef = 040974AC1B53B24D008C13E2 /* Bolts.framework */; };
		040974B01B53B24D008C13E2 /* Parse.framework in Frameworks */ = {isa = PBXBuildFile; fileRef = 040974AD1B53B24D008C13E2 /* Parse.framework */; };
		040974B11B53B24D008C13E2 /* ParseUI.framework in Frameworks */ = {isa = PBXBuildFile; fileRef = 040974AE1B53B24D008C13E2 /* ParseUI.framework */; };
		040974B31B53B28F008C13E2 /* FacebookSDK.framework in Frameworks */ = {isa = PBXBuildFile; fileRef = 040974B21B53B28F008C13E2 /* FacebookSDK.framework */; };
		04E826101B4E19BD00A26DD8 /* AppDelegate.swift in Sources */ = {isa = PBXBuildFile; fileRef = 04E8260F1B4E19BD00A26DD8 /* AppDelegate.swift */; };
		04E826121B4E19BD00A26DD8 /* ViewController.swift in Sources */ = {isa = PBXBuildFile; fileRef = 04E826111B4E19BD00A26DD8 /* ViewController.swift */; };
		04E826151B4E19BD00A26DD8 /* Main.storyboard in Resources */ = {isa = PBXBuildFile; fileRef = 04E826131B4E19BD00A26DD8 /* Main.storyboard */; };
		04E826171B4E19BD00A26DD8 /* Images.xcassets in Resources */ = {isa = PBXBuildFile; fileRef = 04E826161B4E19BD00A26DD8 /* Images.xcassets */; };
		04E8261A1B4E19BD00A26DD8 /* LaunchScreen.xib in Resources */ = {isa = PBXBuildFile; fileRef = 04E826181B4E19BD00A26DD8 /* LaunchScreen.xib */; };
		04E826261B4E19BD00A26DD8 /* SnapChatTests.swift in Sources */ = {isa = PBXBuildFile; fileRef = 04E826251B4E19BD00A26DD8 /* SnapChatTests.swift */; };
		04E826341B4E19EB00A26DD8 /* ParseFacebookUtils.framework in Frameworks */ = {isa = PBXBuildFile; fileRef = 04E826311B4E19EB00A26DD8 /* ParseFacebookUtils.framework */; };
		04E826381B4E1A0B00A26DD8 /* AudioToolbox.framework in Frameworks */ = {isa = PBXBuildFile; fileRef = 04E826371B4E1A0B00A26DD8 /* AudioToolbox.framework */; };
		04E8263A1B4E1A1400A26DD8 /* CFNetwork.framework in Frameworks */ = {isa = PBXBuildFile; fileRef = 04E826391B4E1A1400A26DD8 /* CFNetwork.framework */; };
		04E8263C1B4E1A1C00A26DD8 /* CoreGraphics.framework in Frameworks */ = {isa = PBXBuildFile; fileRef = 04E8263B1B4E1A1C00A26DD8 /* CoreGraphics.framework */; };
		04E8263E1B4E1A2200A26DD8 /* CoreLocation.framework in Frameworks */ = {isa = PBXBuildFile; fileRef = 04E8263D1B4E1A2200A26DD8 /* CoreLocation.framework */; };
		04E826401B4E1A2A00A26DD8 /* libz.dylib in Frameworks */ = {isa = PBXBuildFile; fileRef = 04E8263F1B4E1A2A00A26DD8 /* libz.dylib */; };
		04E826421B4E1A3200A26DD8 /* MobileCoreServices.framework in Frameworks */ = {isa = PBXBuildFile; fileRef = 04E826411B4E1A3200A26DD8 /* MobileCoreServices.framework */; };
		04E826441B4E1A3A00A26DD8 /* QuartzCore.framework in Frameworks */ = {isa = PBXBuildFile; fileRef = 04E826431B4E1A3A00A26DD8 /* QuartzCore.framework */; };
		04E826461B4E1A4200A26DD8 /* Security.framework in Frameworks */ = {isa = PBXBuildFile; fileRef = 04E826451B4E1A4200A26DD8 /* Security.framework */; };
		04E826481B4E1A4900A26DD8 /* StoreKit.framework in Frameworks */ = {isa = PBXBuildFile; fileRef = 04E826471B4E1A4900A26DD8 /* StoreKit.framework */; };
		04E8264A1B4E1A5200A26DD8 /* SystemConfiguration.framework in Frameworks */ = {isa = PBXBuildFile; fileRef = 04E826491B4E1A5200A26DD8 /* SystemConfiguration.framework */; };
		04E826551B4E1E3000A26DD8 /* libsqlite3.dylib in Frameworks */ = {isa = PBXBuildFile; fileRef = 04E826541B4E1E3000A26DD8 /* libsqlite3.dylib */; };
		04E826591B4E20C500A26DD8 /* TableViewController.swift in Sources */ = {isa = PBXBuildFile; fileRef = 04E826581B4E20C500A26DD8 /* TableViewController.swift */; };
/* End PBXBuildFile section */

/* Begin PBXContainerItemProxy section */
		04E826201B4E19BD00A26DD8 /* PBXContainerItemProxy */ = {
			isa = PBXContainerItemProxy;
			containerPortal = 04E826021B4E19BD00A26DD8 /* Project object */;
			proxyType = 1;
			remoteGlobalIDString = 04E826091B4E19BD00A26DD8;
			remoteInfo = SnapChat;
		};
/* End PBXContainerItemProxy section */

/* Begin PBXFileReference section */
		040974AC1B53B24D008C13E2 /* Bolts.framework */ = {isa = PBXFileReference; lastKnownFileType = wrapper.framework; path = Bolts.framework; sourceTree = "<group>"; };
		040974AD1B53B24D008C13E2 /* Parse.framework */ = {isa = PBXFileReference; lastKnownFileType = wrapper.framework; path = Parse.framework; sourceTree = "<group>"; };
		040974AE1B53B24D008C13E2 /* ParseUI.framework */ = {isa = PBXFileReference; lastKnownFileType = wrapper.framework; path = ParseUI.framework; sourceTree = "<group>"; };
		040974B21B53B28F008C13E2 /* FacebookSDK.framework */ = {isa = PBXFileReference; lastKnownFileType = wrapper.framework; path = FacebookSDK.framework; sourceTree = "<group>"; };
		04E8260A1B4E19BD00A26DD8 /* SnapChat.app */ = {isa = PBXFileReference; explicitFileType = wrapper.application; includeInIndex = 0; path = SnapChat.app; sourceTree = BUILT_PRODUCTS_DIR; };
		04E8260E1B4E19BD00A26DD8 /* Info.plist */ = {isa = PBXFileReference; lastKnownFileType = text.plist.xml; path = Info.plist; sourceTree = "<group>"; };
		04E8260F1B4E19BD00A26DD8 /* AppDelegate.swift */ = {isa = PBXFileReference; lastKnownFileType = sourcecode.swift; path = AppDelegate.swift; sourceTree = "<group>"; };
		04E826111B4E19BD00A26DD8 /* ViewController.swift */ = {isa = PBXFileReference; lastKnownFileType = sourcecode.swift; path = ViewController.swift; sourceTree = "<group>"; };
		04E826141B4E19BD00A26DD8 /* Base */ = {isa = PBXFileReference; lastKnownFileType = file.storyboard; name = Base; path = Base.lproj/Main.storyboard; sourceTree = "<group>"; };
		04E826161B4E19BD00A26DD8 /* Images.xcassets */ = {isa = PBXFileReference; lastKnownFileType = folder.assetcatalog; path = Images.xcassets; sourceTree = "<group>"; };
		04E826191B4E19BD00A26DD8 /* Base */ = {isa = PBXFileReference; lastKnownFileType = file.xib; name = Base; path = Base.lproj/LaunchScreen.xib; sourceTree = "<group>"; };
		04E8261F1B4E19BD00A26DD8 /* SnapChatTests.xctest */ = {isa = PBXFileReference; explicitFileType = wrapper.cfbundle; includeInIndex = 0; path = SnapChatTests.xctest; sourceTree = BUILT_PRODUCTS_DIR; };
		04E826241B4E19BD00A26DD8 /* Info.plist */ = {isa = PBXFileReference; lastKnownFileType = text.plist.xml; path = Info.plist; sourceTree = "<group>"; };
		04E826251B4E19BD00A26DD8 /* SnapChatTests.swift */ = {isa = PBXFileReference; lastKnownFileType = sourcecode.swift; path = SnapChatTests.swift; sourceTree = "<group>"; };
		04E826311B4E19EB00A26DD8 /* ParseFacebookUtils.framework */ = {isa = PBXFileReference; lastKnownFileType = wrapper.framework; name = ParseFacebookUtils.framework; path = SnapChat/ParseFacebookUtils.framework; sourceTree = "<group>"; };
		04E826371B4E1A0B00A26DD8 /* AudioToolbox.framework */ = {isa = PBXFileReference; lastKnownFileType = wrapper.framework; name = AudioToolbox.framework; path = System/Library/Frameworks/AudioToolbox.framework; sourceTree = SDKROOT; };
		04E826391B4E1A1400A26DD8 /* CFNetwork.framework */ = {isa = PBXFileReference; lastKnownFileType = wrapper.framework; name = CFNetwork.framework; path = System/Library/Frameworks/CFNetwork.framework; sourceTree = SDKROOT; };
		04E8263B1B4E1A1C00A26DD8 /* CoreGraphics.framework */ = {isa = PBXFileReference; lastKnownFileType = wrapper.framework; name = CoreGraphics.framework; path = System/Library/Frameworks/CoreGraphics.framework; sourceTree = SDKROOT; };
		04E8263D1B4E1A2200A26DD8 /* CoreLocation.framework */ = {isa = PBXFileReference; lastKnownFileType = wrapper.framework; name = CoreLocation.framework; path = System/Library/Frameworks/CoreLocation.framework; sourceTree = SDKROOT; };
		04E8263F1B4E1A2A00A26DD8 /* libz.dylib */ = {isa = PBXFileReference; lastKnownFileType = "compiled.mach-o.dylib"; name = libz.dylib; path = usr/lib/libz.dylib; sourceTree = SDKROOT; };
		04E826411B4E1A3200A26DD8 /* MobileCoreServices.framework */ = {isa = PBXFileReference; lastKnownFileType = wrapper.framework; name = MobileCoreServices.framework; path = System/Library/Frameworks/MobileCoreServices.framework; sourceTree = SDKROOT; };
		04E826431B4E1A3A00A26DD8 /* QuartzCore.framework */ = {isa = PBXFileReference; lastKnownFileType = wrapper.framework; name = QuartzCore.framework; path = System/Library/Frameworks/QuartzCore.framework; sourceTree = SDKROOT; };
		04E826451B4E1A4200A26DD8 /* Security.framework */ = {isa = PBXFileReference; lastKnownFileType = wrapper.framework; name = Security.framework; path = System/Library/Frameworks/Security.framework; sourceTree = SDKROOT; };
		04E826471B4E1A4900A26DD8 /* StoreKit.framework */ = {isa = PBXFileReference; lastKnownFileType = wrapper.framework; name = StoreKit.framework; path = System/Library/Frameworks/StoreKit.framework; sourceTree = SDKROOT; };
		04E826491B4E1A5200A26DD8 /* SystemConfiguration.framework */ = {isa = PBXFileReference; lastKnownFileType = wrapper.framework; name = SystemConfiguration.framework; path = System/Library/Frameworks/SystemConfiguration.framework; sourceTree = SDKROOT; };
		04E8264B1B4E1A6C00A26DD8 /* SnapChat-Bridging-Header.h */ = {isa = PBXFileReference; lastKnownFileType = sourcecode.c.h; path = "SnapChat-Bridging-Header.h"; sourceTree = SOURCE_ROOT; };
		04E826541B4E1E3000A26DD8 /* libsqlite3.dylib */ = {isa = PBXFileReference; lastKnownFileType = "compiled.mach-o.dylib"; name = libsqlite3.dylib; path = usr/lib/libsqlite3.dylib; sourceTree = SDKROOT; };
		04E826581B4E20C500A26DD8 /* TableViewController.swift */ = {isa = PBXFileReference; fileEncoding = 4; lastKnownFileType = sourcecode.swift; path = TableViewController.swift; sourceTree = "<group>"; };
/* End PBXFileReference section */

/* Begin PBXFrameworksBuildPhase section */
		04E826071B4E19BD00A26DD8 /* Frameworks */ = {
			isa = PBXFrameworksBuildPhase;
			buildActionMask = 2147483647;
			files = (
				04E826551B4E1E3000A26DD8 /* libsqlite3.dylib in Frameworks */,
				04E8264A1B4E1A5200A26DD8 /* SystemConfiguration.framework in Frameworks */,
				04E826481B4E1A4900A26DD8 /* StoreKit.framework in Frameworks */,
				04E826461B4E1A4200A26DD8 /* Security.framework in Frameworks */,
				04E826441B4E1A3A00A26DD8 /* QuartzCore.framework in Frameworks */,
				04E826421B4E1A3200A26DD8 /* MobileCoreServices.framework in Frameworks */,
				04E826401B4E1A2A00A26DD8 /* libz.dylib in Frameworks */,
				040974AF1B53B24D008C13E2 /* Bolts.framework in Frameworks */,
				04E8263E1B4E1A2200A26DD8 /* CoreLocation.framework in Frameworks */,
				04E8263C1B4E1A1C00A26DD8 /* CoreGraphics.framework in Frameworks */,
				040974B01B53B24D008C13E2 /* Parse.framework in Frameworks */,
				04E8263A1B4E1A1400A26DD8 /* CFNetwork.framework in Frameworks */,
				040974B11B53B24D008C13E2 /* ParseUI.framework in Frameworks */,
				040974B31B53B28F008C13E2 /* FacebookSDK.framework in Frameworks */,
				04E826381B4E1A0B00A26DD8 /* AudioToolbox.framework in Frameworks */,
				04E826341B4E19EB00A26DD8 /* ParseFacebookUtils.framework in Frameworks */,
			);
			runOnlyForDeploymentPostprocessing = 0;
		};
		04E8261C1B4E19BD00A26DD8 /* Frameworks */ = {
			isa = PBXFrameworksBuildPhase;
			buildActionMask = 2147483647;
			files = (
			);
			runOnlyForDeploymentPostprocessing = 0;
		};
/* End PBXFrameworksBuildPhase section */

/* Begin PBXGroup section */
		04E826011B4E19BD00A26DD8 = {
			isa = PBXGroup;
			children = (
				04E826541B4E1E3000A26DD8 /* libsqlite3.dylib */,
				040974B21B53B28F008C13E2 /* FacebookSDK.framework */,
				040974AC1B53B24D008C13E2 /* Bolts.framework */,
				040974AD1B53B24D008C13E2 /* Parse.framework */,
				040974AE1B53B24D008C13E2 /* ParseUI.framework */,
				04E826311B4E19EB00A26DD8 /* ParseFacebookUtils.framework */,
				04E826491B4E1A5200A26DD8 /* SystemConfiguration.framework */,
				04E826471B4E1A4900A26DD8 /* StoreKit.framework */,
				04E826451B4E1A4200A26DD8 /* Security.framework */,
				04E826431B4E1A3A00A26DD8 /* QuartzCore.framework */,
				04E826411B4E1A3200A26DD8 /* MobileCoreServices.framework */,
				04E8263F1B4E1A2A00A26DD8 /* libz.dylib */,
				04E8263D1B4E1A2200A26DD8 /* CoreLocation.framework */,
				04E8263B1B4E1A1C00A26DD8 /* CoreGraphics.framework */,
				04E826391B4E1A1400A26DD8 /* CFNetwork.framework */,
				04E826371B4E1A0B00A26DD8 /* AudioToolbox.framework */,
				04E8260C1B4E19BD00A26DD8 /* SnapChat */,
				04E826221B4E19BD00A26DD8 /* SnapChatTests */,
				04E8260B1B4E19BD00A26DD8 /* Products */,
			);
			sourceTree = "<group>";
		};
		04E8260B1B4E19BD00A26DD8 /* Products */ = {
			isa = PBXGroup;
			children = (
				04E8260A1B4E19BD00A26DD8 /* SnapChat.app */,
				04E8261F1B4E19BD00A26DD8 /* SnapChatTests.xctest */,
			);
			name = Products;
			sourceTree = "<group>";
		};
		04E8260C1B4E19BD00A26DD8 /* SnapChat */ = {
			isa = PBXGroup;
			children = (
				04E8260F1B4E19BD00A26DD8 /* AppDelegate.swift */,
				04E826111B4E19BD00A26DD8 /* ViewController.swift */,
				04E826581B4E20C500A26DD8 /* TableViewController.swift */,
				04E826131B4E19BD00A26DD8 /* Main.storyboard */,
				04E826161B4E19BD00A26DD8 /* Images.xcassets */,
				04E8264B1B4E1A6C00A26DD8 /* SnapChat-Bridging-Header.h */,
				04E826181B4E19BD00A26DD8 /* LaunchScreen.xib */,
				04E8260D1B4E19BD00A26DD8 /* Supporting Files */,
			);
			path = SnapChat;
			sourceTree = "<group>";
		};
		04E8260D1B4E19BD00A26DD8 /* Supporting Files */ = {
			isa = PBXGroup;
			children = (
				04E8260E1B4E19BD00A26DD8 /* Info.plist */,
			);
			name = "Supporting Files";
			sourceTree = "<group>";
		};
		04E826221B4E19BD00A26DD8 /* SnapChatTests */ = {
			isa = PBXGroup;
			children = (
				04E826251B4E19BD00A26DD8 /* SnapChatTests.swift */,
				04E826231B4E19BD00A26DD8 /* Supporting Files */,
			);
			path = SnapChatTests;
			sourceTree = "<group>";
		};
		04E826231B4E19BD00A26DD8 /* Supporting Files */ = {
			isa = PBXGroup;
			children = (
				04E826241B4E19BD00A26DD8 /* Info.plist */,
			);
			name = "Supporting Files";
			sourceTree = "<group>";
		};
/* End PBXGroup section */

/* Begin PBXNativeTarget section */
		04E826091B4E19BD00A26DD8 /* SnapChat */ = {
			isa = PBXNativeTarget;
			buildConfigurationList = 04E826291B4E19BD00A26DD8 /* Build configuration list for PBXNativeTarget "SnapChat" */;
			buildPhases = (
				04E826061B4E19BD00A26DD8 /* Sources */,
				04E826071B4E19BD00A26DD8 /* Frameworks */,
				04E826081B4E19BD00A26DD8 /* Resources */,
			);
			buildRules = (
			);
			dependencies = (
			);
			name = SnapChat;
			productName = SnapChat;
			productReference = 04E8260A1B4E19BD00A26DD8 /* SnapChat.app */;
			productType = "com.apple.product-type.application";
		};
		04E8261E1B4E19BD00A26DD8 /* SnapChatTests */ = {
			isa = PBXNativeTarget;
			buildConfigurationList = 04E8262C1B4E19BD00A26DD8 /* Build configuration list for PBXNativeTarget "SnapChatTests" */;
			buildPhases = (
				04E8261B1B4E19BD00A26DD8 /* Sources */,
				04E8261C1B4E19BD00A26DD8 /* Frameworks */,
				04E8261D1B4E19BD00A26DD8 /* Resources */,
			);
			buildRules = (
			);
			dependencies = (
				04E826211B4E19BD00A26DD8 /* PBXTargetDependency */,
			);
			name = SnapChatTests;
			productName = SnapChatTests;
			productReference = 04E8261F1B4E19BD00A26DD8 /* SnapChatTests.xctest */;
			productType = "com.apple.product-type.bundle.unit-test";
		};
/* End PBXNativeTarget section */

/* Begin PBXProject section */
		04E826021B4E19BD00A26DD8 /* Project object */ = {
			isa = PBXProject;
			attributes = {
				LastUpgradeCheck = 0640;
				ORGANIZATIONNAME = cz;
				TargetAttributes = {
					04E826091B4E19BD00A26DD8 = {
						CreatedOnToolsVersion = 6.4;
					};
					04E8261E1B4E19BD00A26DD8 = {
						CreatedOnToolsVersion = 6.4;
						TestTargetID = 04E826091B4E19BD00A26DD8;
					};
				};
			};
			buildConfigurationList = 04E826051B4E19BD00A26DD8 /* Build configuration list for PBXProject "SnapChat" */;
			compatibilityVersion = "Xcode 3.2";
			developmentRegion = English;
			hasScannedForEncodings = 0;
			knownRegions = (
				en,
				Base,
			);
			mainGroup = 04E826011B4E19BD00A26DD8;
			productRefGroup = 04E8260B1B4E19BD00A26DD8 /* Products */;
			projectDirPath = "";
			projectRoot = "";
			targets = (
				04E826091B4E19BD00A26DD8 /* SnapChat */,
				04E8261E1B4E19BD00A26DD8 /* SnapChatTests */,
			);
		};
/* End PBXProject section */

/* Begin PBXResourcesBuildPhase section */
		04E826081B4E19BD00A26DD8 /* Resources */ = {
			isa = PBXResourcesBuildPhase;
			buildActionMask = 2147483647;
			files = (
				04E826151B4E19BD00A26DD8 /* Main.storyboard in Resources */,
				04E8261A1B4E19BD00A26DD8 /* LaunchScreen.xib in Resources */,
				04E826171B4E19BD00A26DD8 /* Images.xcassets in Resources */,
			);
			runOnlyForDeploymentPostprocessing = 0;
		};
		04E8261D1B4E19BD00A26DD8 /* Resources */ = {
			isa = PBXResourcesBuildPhase;
			buildActionMask = 2147483647;
			files = (
			);
			runOnlyForDeploymentPostprocessing = 0;
		};
/* End PBXResourcesBuildPhase section */

/* Begin PBXSourcesBuildPhase section */
		04E826061B4E19BD00A26DD8 /* Sources */ = {
			isa = PBXSourcesBuildPhase;
			buildActionMask = 2147483647;
			files = (
				04E826121B4E19BD00A26DD8 /* ViewController.swift in Sources */,
				04E826591B4E20C500A26DD8 /* TableViewController.swift in Sources */,
				04E826101B4E19BD00A26DD8 /* AppDelegate.swift in Sources */,
			);
			runOnlyForDeploymentPostprocessing = 0;
		};
		04E8261B1B4E19BD00A26DD8 /* Sources */ = {
			isa = PBXSourcesBuildPhase;
			buildActionMask = 2147483647;
			files = (
				04E826261B4E19BD00A26DD8 /* SnapChatTests.swift in Sources */,
			);
			runOnlyForDeploymentPostprocessing = 0;
		};
/* End PBXSourcesBuildPhase section */

/* Begin PBXTargetDependency section */
		04E826211B4E19BD00A26DD8 /* PBXTargetDependency */ = {
			isa = PBXTargetDependency;
			target = 04E826091B4E19BD00A26DD8 /* SnapChat */;
			targetProxy = 04E826201B4E19BD00A26DD8 /* PBXContainerItemProxy */;
		};
/* End PBXTargetDependency section */

/* Begin PBXVariantGroup section */
		04E826131B4E19BD00A26DD8 /* Main.storyboard */ = {
			isa = PBXVariantGroup;
			children = (
				04E826141B4E19BD00A26DD8 /* Base */,
			);
			name = Main.storyboard;
			sourceTree = "<group>";
		};
		04E826181B4E19BD00A26DD8 /* LaunchScreen.xib */ = {
			isa = PBXVariantGroup;
			children = (
				04E826191B4E19BD00A26DD8 /* Base */,
			);
			name = LaunchScreen.xib;
			sourceTree = "<group>";
		};
/* End PBXVariantGroup section */

/* Begin XCBuildConfiguration section */
		04E826271B4E19BD00A26DD8 /* Debug */ = {
			isa = XCBuildConfiguration;
			buildSettings = {
				ALWAYS_SEARCH_USER_PATHS = NO;
				CLANG_CXX_LANGUAGE_STANDARD = "gnu++0x";
				CLANG_CXX_LIBRARY = "libc++";
				CLANG_ENABLE_MODULES = YES;
				CLANG_ENABLE_OBJC_ARC = YES;
				CLANG_WARN_BOOL_CONVERSION = YES;
				CLANG_WARN_CONSTANT_CONVERSION = YES;
				CLANG_WARN_DIRECT_OBJC_ISA_USAGE = YES_ERROR;
				CLANG_WARN_EMPTY_BODY = YES;
				CLANG_WARN_ENUM_CONVERSION = YES;
				CLANG_WARN_INT_CONVERSION = YES;
				CLANG_WARN_OBJC_ROOT_CLASS = YES_ERROR;
				CLANG_WARN_UNREACHABLE_CODE = YES;
				CLANG_WARN__DUPLICATE_METHOD_MATCH = YES;
				"CODE_SIGN_IDENTITY[sdk=iphoneos*]" = "iPhone Developer";
				COPY_PHASE_STRIP = NO;
				DEBUG_INFORMATION_FORMAT = "dwarf-with-dsym";
				ENABLE_STRICT_OBJC_MSGSEND = YES;
				GCC_C_LANGUAGE_STANDARD = gnu99;
				GCC_DYNAMIC_NO_PIC = NO;
				GCC_NO_COMMON_BLOCKS = YES;
				GCC_OPTIMIZATION_LEVEL = 0;
				GCC_PREPROCESSOR_DEFINITIONS = (
					"DEBUG=1",
					"$(inherited)",
				);
				GCC_SYMBOLS_PRIVATE_EXTERN = NO;
				GCC_WARN_64_TO_32_BIT_CONVERSION = YES;
				GCC_WARN_ABOUT_RETURN_TYPE = YES_ERROR;
				GCC_WARN_UNDECLARED_SELECTOR = YES;
				GCC_WARN_UNINITIALIZED_AUTOS = YES_AGGRESSIVE;
				GCC_WARN_UNUSED_FUNCTION = YES;
				GCC_WARN_UNUSED_VARIABLE = YES;
				IPHONEOS_DEPLOYMENT_TARGET = 8.4;
				MTL_ENABLE_DEBUG_INFO = YES;
				ONLY_ACTIVE_ARCH = YES;
				SDKROOT = iphoneos;
				SWIFT_OPTIMIZATION_LEVEL = "-Onone";
			};
			name = Debug;
		};
		04E826281B4E19BD00A26DD8 /* Release */ = {
			isa = XCBuildConfiguration;
			buildSettings = {
				ALWAYS_SEARCH_USER_PATHS = NO;
				CLANG_CXX_LANGUAGE_STANDARD = "gnu++0x";
				CLANG_CXX_LIBRARY = "libc++";
				CLANG_ENABLE_MODULES = YES;
				CLANG_ENABLE_OBJC_ARC = YES;
				CLANG_WARN_BOOL_CONVERSION = YES;
				CLANG_WARN_CONSTANT_CONVERSION = YES;
				CLANG_WARN_DIRECT_OBJC_ISA_USAGE = YES_ERROR;
				CLANG_WARN_EMPTY_BODY = YES;
				CLANG_WARN_ENUM_CONVERSION = YES;
				CLANG_WARN_INT_CONVERSION = YES;
				CLANG_WARN_OBJC_ROOT_CLASS = YES_ERROR;
				CLANG_WARN_UNREACHABLE_CODE = YES;
				CLANG_WARN__DUPLICATE_METHOD_MATCH = YES;
				"CODE_SIGN_IDENTITY[sdk=iphoneos*]" = "iPhone Developer";
				COPY_PHASE_STRIP = NO;
				DEBUG_INFORMATION_FORMAT = "dwarf-with-dsym";
				ENABLE_NS_ASSERTIONS = NO;
				ENABLE_STRICT_OBJC_MSGSEND = YES;
				GCC_C_LANGUAGE_STANDARD = gnu99;
				GCC_NO_COMMON_BLOCKS = YES;
				GCC_WARN_64_TO_32_BIT_CONVERSION = YES;
				GCC_WARN_ABOUT_RETURN_TYPE = YES_ERROR;
				GCC_WARN_UNDECLARED_SELECTOR = YES;
				GCC_WARN_UNINITIALIZED_AUTOS = YES_AGGRESSIVE;
				GCC_WARN_UNUSED_FUNCTION = YES;
				GCC_WARN_UNUSED_VARIABLE = YES;
				IPHONEOS_DEPLOYMENT_TARGET = 8.4;
				MTL_ENABLE_DEBUG_INFO = NO;
				SDKROOT = iphoneos;
				VALIDATE_PRODUCT = YES;
			};
			name = Release;
		};
		04E8262A1B4E19BD00A26DD8 /* Debug */ = {
			isa = XCBuildConfiguration;
			buildSettings = {
				ASSETCATALOG_COMPILER_APPICON_NAME = AppIcon;
				CLANG_ENABLE_MODULES = YES;
				FRAMEWORK_SEARCH_PATHS = (
					"$(inherited)",
					"$(PROJECT_DIR)/SnapChat",
					"$(PROJECT_DIR)",
				);
				INFOPLIST_FILE = SnapChat/Info.plist;
				LD_RUNPATH_SEARCH_PATHS = "$(inherited) @executable_path/Frameworks";
				PRODUCT_NAME = "$(TARGET_NAME)";
				SWIFT_OBJC_BRIDGING_HEADER = "SnapChat-Bridging-Header.h";
				SWIFT_OPTIMIZATION_LEVEL = "-Onone";
			};
			name = Debug;
		};
		04E8262B1B4E19BD00A26DD8 /* Release */ = {
			isa = XCBuildConfiguration;
			buildSettings = {
				ASSETCATALOG_COMPILER_APPICON_NAME = AppIcon;
				CLANG_ENABLE_MODULES = YES;
				FRAMEWORK_SEARCH_PATHS = (
					"$(inherited)",
					"$(PROJECT_DIR)/SnapChat",
					"$(PROJECT_DIR)",
				);
				INFOPLIST_FILE = SnapChat/Info.plist;
				LD_RUNPATH_SEARCH_PATHS = "$(inherited) @executable_path/Frameworks";
				PRODUCT_NAME = "$(TARGET_NAME)";
				SWIFT_OBJC_BRIDGING_HEADER = "SnapChat-Bridging-Header.h";
			};
			name = Release;
		};
		04E8262D1B4E19BD00A26DD8 /* Debug */ = {
			isa = XCBuildConfiguration;
			buildSettings = {
				BUNDLE_LOADER = "$(TEST_HOST)";
				FRAMEWORK_SEARCH_PATHS = (
					"$(SDKROOT)/Developer/Library/Frameworks",
					"$(inherited)",
				);
				GCC_PREPROCESSOR_DEFINITIONS = (
					"DEBUG=1",
					"$(inherited)",
				);
				INFOPLIST_FILE = SnapChatTests/Info.plist;
				LD_RUNPATH_SEARCH_PATHS = "$(inherited) @executable_path/Frameworks @loader_path/Frameworks";
				PRODUCT_NAME = "$(TARGET_NAME)";
				TEST_HOST = "$(BUILT_PRODUCTS_DIR)/SnapChat.app/SnapChat";
			};
			name = Debug;
		};
		04E8262E1B4E19BD00A26DD8 /* Release */ = {
			isa = XCBuildConfiguration;
			buildSettings = {
				BUNDLE_LOADER = "$(TEST_HOST)";
				FRAMEWORK_SEARCH_PATHS = (
					"$(SDKROOT)/Developer/Library/Frameworks",
					"$(inherited)",
				);
				INFOPLIST_FILE = SnapChatTests/Info.plist;
				LD_RUNPATH_SEARCH_PATHS = "$(inherited) @executable_path/Frameworks @loader_path/Frameworks";
				PRODUCT_NAME = "$(TARGET_NAME)";
				TEST_HOST = "$(BUILT_PRODUCTS_DIR)/SnapChat.app/SnapChat";
			};
			name = Release;
		};
/* End XCBuildConfiguration section */

/* Begin XCConfigurationList section */
		04E826051B4E19BD00A26DD8 /* Build configuration list for PBXProject "SnapChat" */ = {
			isa = XCConfigurationList;
			buildConfigurations = (
				04E826271B4E19BD00A26DD8 /* Debug */,
				04E826281B4E19BD00A26DD8 /* Release */,
			);
			defaultConfigurationIsVisible = 0;
			defaultConfigurationName = Release;
		};
		04E826291B4E19BD00A26DD8 /* Build configuration list for PBXNativeTarget "SnapChat" */ = {
			isa = XCConfigurationList;
			buildConfigurations = (
				04E8262A1B4E19BD00A26DD8 /* Debug */,
				04E8262B1B4E19BD00A26DD8 /* Release */,
			);
			defaultConfigurationIsVisible = 0;
			defaultConfigurationName = Release;
		};
		04E8262C1B4E19BD00A26DD8 /* Build configuration list for PBXNativeTarget "SnapChatTests" */ = {
			isa = XCConfigurationList;
			buildConfigurations = (
				04E8262D1B4E19BD00A26DD8 /* Debug */,
				04E8262E1B4E19BD00A26DD8 /* Release */,
			);
			defaultConfigurationIsVisible = 0;
			defaultConfigurationName = Release;
		};
/* End XCConfigurationList section */
	};
	rootObject = 04E826021B4E19BD00A26DD8 /* Project object */;
}
